// !$*UTF8*$!
{
	archiveVersion = 1;
	classes = {
	};
	objectVersion = 56;
	objects = {

/* Begin PBXBuildFile section */
		5739C7A42AF58CD600B0834B /* AppDelegate.swift in Sources */ = {isa = PBXBuildFile; fileRef = 5739C7A32AF58CD600B0834B /* AppDelegate.swift */; };
		5739C7A82AF58CD600B0834B /* LaunchViewController.swift in Sources */ = {isa = PBXBuildFile; fileRef = 5739C7A72AF58CD600B0834B /* LaunchViewController.swift */; };
		5739C7AD2AF58CDA00B0834B /* Assets.xcassets in Resources */ = {isa = PBXBuildFile; fileRef = 5739C7AC2AF58CDA00B0834B /* Assets.xcassets */; };
		5739C7B02AF58CDA00B0834B /* LaunchScreen.storyboard in Resources */ = {isa = PBXBuildFile; fileRef = 5739C7AE2AF58CDA00B0834B /* LaunchScreen.storyboard */; };
		5739C7BF2AF5908500B0834B /* BaseViewController.swift in Sources */ = {isa = PBXBuildFile; fileRef = 5739C7BE2AF5908500B0834B /* BaseViewController.swift */; };
		5795EA3F2AF9188400B6EA3B /* FiveDaysForecastModel.swift in Sources */ = {isa = PBXBuildFile; fileRef = 5795EA3E2AF9188400B6EA3B /* FiveDaysForecastModel.swift */; };
		5795EA412AF921A500B6EA3B /* APIKeysList.plist in Resources */ = {isa = PBXBuildFile; fileRef = 5795EA402AF921A400B6EA3B /* APIKeysList.plist */; };
		5795EA432AF92A7500B6EA3B /* ForecastCollectionViewModel.swift in Sources */ = {isa = PBXBuildFile; fileRef = 5795EA422AF92A7500B6EA3B /* ForecastCollectionViewModel.swift */; };
		5795EA462AF991FB00B6EA3B /* Kingfisher in Frameworks */ = {isa = PBXBuildFile; productRef = 5795EA452AF991FB00B6EA3B /* Kingfisher */; };
		579619A62AFA65CA00971B9C /* ResultCurrentLocationModel.swift in Sources */ = {isa = PBXBuildFile; fileRef = 579619A52AFA65CA00971B9C /* ResultCurrentLocationModel.swift */; };
		579619A82AFA8C3500971B9C /* ResultVCWeatherFullInformationModel.swift in Sources */ = {isa = PBXBuildFile; fileRef = 579619A72AFA8C3500971B9C /* ResultVCWeatherFullInformationModel.swift */; };
		579619AA2AFA95F800971B9C /* BaseAlertView.swift in Sources */ = {isa = PBXBuildFile; fileRef = 579619A92AFA95F800971B9C /* BaseAlertView.swift */; };
		579BB5E62AF6640B00EAD20E /* Coordinator.swift in Sources */ = {isa = PBXBuildFile; fileRef = 579BB5E52AF6640B00EAD20E /* Coordinator.swift */; };
		579BB5E82AF6642B00EAD20E /* AppCoordinator.swift in Sources */ = {isa = PBXBuildFile; fileRef = 579BB5E72AF6642B00EAD20E /* AppCoordinator.swift */; };
		579BB5EB2AF6ABBE00EAD20E /* MainViewController.swift in Sources */ = {isa = PBXBuildFile; fileRef = 579BB5EA2AF6ABBE00EAD20E /* MainViewController.swift */; };
		579BB5EF2AF6B6CA00EAD20E /* UITextField + Extension.swift in Sources */ = {isa = PBXBuildFile; fileRef = 579BB5EE2AF6B6CA00EAD20E /* UITextField + Extension.swift */; };
		579BB5F22AF6E13D00EAD20E /* SearchResultCollectionViewCell.swift in Sources */ = {isa = PBXBuildFile; fileRef = 579BB5F12AF6E13D00EAD20E /* SearchResultCollectionViewCell.swift */; };
		579BB5F42AF703D800EAD20E /* SearchCellViewModel.swift in Sources */ = {isa = PBXBuildFile; fileRef = 579BB5F32AF703D800EAD20E /* SearchCellViewModel.swift */; };
		579BB5F62AF7085700EAD20E /* MainViewModel.swift in Sources */ = {isa = PBXBuildFile; fileRef = 579BB5F52AF7085700EAD20E /* MainViewModel.swift */; };
		579DE3C42AF5A97B0036078E /* Poppins-Bold.ttf in Resources */ = {isa = PBXBuildFile; fileRef = 579DE3C32AF5A97B0036078E /* Poppins-Bold.ttf */; };
		579DE3C62AF5A98D0036078E /* Poppins-Medium.ttf in Resources */ = {isa = PBXBuildFile; fileRef = 579DE3C52AF5A98C0036078E /* Poppins-Medium.ttf */; };
		579DE3C82AF5A99B0036078E /* Poppins-Regular.ttf in Resources */ = {isa = PBXBuildFile; fileRef = 579DE3C72AF5A99B0036078E /* Poppins-Regular.ttf */; };
		579DE3CA2AF5A9AE0036078E /* Poppins-SemiBold.ttf in Resources */ = {isa = PBXBuildFile; fileRef = 579DE3C92AF5A9AE0036078E /* Poppins-SemiBold.ttf */; };
		579DE3CD2AF5AA8C0036078E /* Dynamic.swift in Sources */ = {isa = PBXBuildFile; fileRef = 579DE3CC2AF5AA8C0036078E /* Dynamic.swift */; };
		579DE3CF2AF5AAB50036078E /* UIFont + Extension.swift in Sources */ = {isa = PBXBuildFile; fileRef = 579DE3CE2AF5AAB50036078E /* UIFont + Extension.swift */; };
		579DE3D12AF5ACE00036078E /* UIColor + Extension.swift in Sources */ = {isa = PBXBuildFile; fileRef = 579DE3D02AF5ACE00036078E /* UIColor + Extension.swift */; };
		579DE3D32AF5AD560036078E /* UIImage + Extension.swift in Sources */ = {isa = PBXBuildFile; fileRef = 579DE3D22AF5AD560036078E /* UIImage + Extension.swift */; };
		579DE3D62AF5AEAC0036078E /* SnapKit in Frameworks */ = {isa = PBXBuildFile; productRef = 579DE3D52AF5AEAC0036078E /* SnapKit */; };
		57A9605E2AF7B51C00FCD537 /* ResultViewController.swift in Sources */ = {isa = PBXBuildFile; fileRef = 57A9605D2AF7B51C00FCD537 /* ResultViewController.swift */; };
		57A960612AF7E62500FCD537 /* ResultForecastCollectionViewCell.swift in Sources */ = {isa = PBXBuildFile; fileRef = 57A960602AF7E62500FCD537 /* ResultForecastCollectionViewCell.swift */; };
		57A960632AF81B2C00FCD537 /* ResultViewModel.swift in Sources */ = {isa = PBXBuildFile; fileRef = 57A960622AF81B2C00FCD537 /* ResultViewModel.swift */; };
		57A960842AF8227100FCD537 /* NetworkError.swift in Sources */ = {isa = PBXBuildFile; fileRef = 57A960832AF8227100FCD537 /* NetworkError.swift */; };
		57A960862AF8228C00FCD537 /* ParameterEncoder.swift in Sources */ = {isa = PBXBuildFile; fileRef = 57A960852AF8228C00FCD537 /* ParameterEncoder.swift */; };
		57A960882AF822B600FCD537 /* URLParameterEncoder.swift in Sources */ = {isa = PBXBuildFile; fileRef = 57A960872AF822B600FCD537 /* URLParameterEncoder.swift */; };
		57A9608A2AF822D100FCD537 /* JSONParameterEncoder.swift in Sources */ = {isa = PBXBuildFile; fileRef = 57A960892AF822D100FCD537 /* JSONParameterEncoder.swift */; };
		57A9608C2AF822FB00FCD537 /* EndPointType.swift in Sources */ = {isa = PBXBuildFile; fileRef = 57A9608B2AF822FB00FCD537 /* EndPointType.swift */; };
		57A9608E2AF8231400FCD537 /* HTTPMethod.swift in Sources */ = {isa = PBXBuildFile; fileRef = 57A9608D2AF8231400FCD537 /* HTTPMethod.swift */; };
		57A960902AF8232900FCD537 /* HTTPTask.swift in Sources */ = {isa = PBXBuildFile; fileRef = 57A9608F2AF8232900FCD537 /* HTTPTask.swift */; };
		57A960922AF8234500FCD537 /* NetworkRouter.swift in Sources */ = {isa = PBXBuildFile; fileRef = 57A960912AF8234500FCD537 /* NetworkRouter.swift */; };
		57A960942AF8235C00FCD537 /* Router.swift in Sources */ = {isa = PBXBuildFile; fileRef = 57A960932AF8235C00FCD537 /* Router.swift */; };
		57A960962AF8239B00FCD537 /* WeatherNetworkManager.swift in Sources */ = {isa = PBXBuildFile; fileRef = 57A960952AF8239B00FCD537 /* WeatherNetworkManager.swift */; };
		57A960982AF823D900FCD537 /* WeatherAPI.swift in Sources */ = {isa = PBXBuildFile; fileRef = 57A960972AF823D900FCD537 /* WeatherAPI.swift */; };
		57A9609D2AF8243A00FCD537 /* URLRequest+Extension.swift in Sources */ = {isa = PBXBuildFile; fileRef = 57A9609C2AF8243A00FCD537 /* URLRequest+Extension.swift */; };
		57A9609F2AF8544C00FCD537 /* CurrentWeatherModel.swift in Sources */ = {isa = PBXBuildFile; fileRef = 57A9609E2AF8544C00FCD537 /* CurrentWeatherModel.swift */; };
		57AF22802B08201200164700 /* ImagesNetworkManager.swift in Sources */ = {isa = PBXBuildFile; fileRef = 57AF227F2B08201200164700 /* ImagesNetworkManager.swift */; };
		57AF22822B08207F00164700 /* ImagesAPI.swift in Sources */ = {isa = PBXBuildFile; fileRef = 57AF22812B08207F00164700 /* ImagesAPI.swift */; };
/* End PBXBuildFile section */

/* Begin PBXFileReference section */
		5739C7A02AF58CD600B0834B /* AstoneTraineeWeheterApp.app */ = {isa = PBXFileReference; explicitFileType = wrapper.application; includeInIndex = 0; path = AstoneTraineeWeheterApp.app; sourceTree = BUILT_PRODUCTS_DIR; };
		5739C7A32AF58CD600B0834B /* AppDelegate.swift */ = {isa = PBXFileReference; lastKnownFileType = sourcecode.swift; path = AppDelegate.swift; sourceTree = "<group>"; };
		5739C7A72AF58CD600B0834B /* LaunchViewController.swift */ = {isa = PBXFileReference; lastKnownFileType = sourcecode.swift; path = LaunchViewController.swift; sourceTree = "<group>"; };
		5739C7AC2AF58CDA00B0834B /* Assets.xcassets */ = {isa = PBXFileReference; lastKnownFileType = folder.assetcatalog; path = Assets.xcassets; sourceTree = "<group>"; };
		5739C7AF2AF58CDA00B0834B /* Base */ = {isa = PBXFileReference; lastKnownFileType = file.storyboard; name = Base; path = Base.lproj/LaunchScreen.storyboard; sourceTree = "<group>"; };
		5739C7B12AF58CDA00B0834B /* Info.plist */ = {isa = PBXFileReference; lastKnownFileType = text.plist.xml; path = Info.plist; sourceTree = "<group>"; };
		5739C7BE2AF5908500B0834B /* BaseViewController.swift */ = {isa = PBXFileReference; lastKnownFileType = sourcecode.swift; path = BaseViewController.swift; sourceTree = "<group>"; };
		5795EA3E2AF9188400B6EA3B /* FiveDaysForecastModel.swift */ = {isa = PBXFileReference; lastKnownFileType = sourcecode.swift; path = FiveDaysForecastModel.swift; sourceTree = "<group>"; };
		5795EA402AF921A400B6EA3B /* APIKeysList.plist */ = {isa = PBXFileReference; lastKnownFileType = text.plist.xml; path = APIKeysList.plist; sourceTree = "<group>"; };
		5795EA422AF92A7500B6EA3B /* ForecastCollectionViewModel.swift */ = {isa = PBXFileReference; lastKnownFileType = sourcecode.swift; path = ForecastCollectionViewModel.swift; sourceTree = "<group>"; };
		579619A52AFA65CA00971B9C /* ResultCurrentLocationModel.swift */ = {isa = PBXFileReference; lastKnownFileType = sourcecode.swift; path = ResultCurrentLocationModel.swift; sourceTree = "<group>"; };
		579619A72AFA8C3500971B9C /* ResultVCWeatherFullInformationModel.swift */ = {isa = PBXFileReference; lastKnownFileType = sourcecode.swift; path = ResultVCWeatherFullInformationModel.swift; sourceTree = "<group>"; };
		579619A92AFA95F800971B9C /* BaseAlertView.swift */ = {isa = PBXFileReference; lastKnownFileType = sourcecode.swift; path = BaseAlertView.swift; sourceTree = "<group>"; };
		579BB5E52AF6640B00EAD20E /* Coordinator.swift */ = {isa = PBXFileReference; lastKnownFileType = sourcecode.swift; path = Coordinator.swift; sourceTree = "<group>"; };
		579BB5E72AF6642B00EAD20E /* AppCoordinator.swift */ = {isa = PBXFileReference; lastKnownFileType = sourcecode.swift; path = AppCoordinator.swift; sourceTree = "<group>"; };
		579BB5EA2AF6ABBE00EAD20E /* MainViewController.swift */ = {isa = PBXFileReference; lastKnownFileType = sourcecode.swift; path = MainViewController.swift; sourceTree = "<group>"; };
		579BB5EE2AF6B6CA00EAD20E /* UITextField + Extension.swift */ = {isa = PBXFileReference; lastKnownFileType = sourcecode.swift; path = "UITextField + Extension.swift"; sourceTree = "<group>"; };
		579BB5F12AF6E13D00EAD20E /* SearchResultCollectionViewCell.swift */ = {isa = PBXFileReference; lastKnownFileType = sourcecode.swift; path = SearchResultCollectionViewCell.swift; sourceTree = "<group>"; };
		579BB5F32AF703D800EAD20E /* SearchCellViewModel.swift */ = {isa = PBXFileReference; lastKnownFileType = sourcecode.swift; path = SearchCellViewModel.swift; sourceTree = "<group>"; };
		579BB5F52AF7085700EAD20E /* MainViewModel.swift */ = {isa = PBXFileReference; lastKnownFileType = sourcecode.swift; path = MainViewModel.swift; sourceTree = "<group>"; };
		579DE3C32AF5A97B0036078E /* Poppins-Bold.ttf */ = {isa = PBXFileReference; lastKnownFileType = file; path = "Poppins-Bold.ttf"; sourceTree = "<group>"; };
		579DE3C52AF5A98C0036078E /* Poppins-Medium.ttf */ = {isa = PBXFileReference; lastKnownFileType = file; path = "Poppins-Medium.ttf"; sourceTree = "<group>"; };
		579DE3C72AF5A99B0036078E /* Poppins-Regular.ttf */ = {isa = PBXFileReference; lastKnownFileType = file; path = "Poppins-Regular.ttf"; sourceTree = "<group>"; };
		579DE3C92AF5A9AE0036078E /* Poppins-SemiBold.ttf */ = {isa = PBXFileReference; lastKnownFileType = file; path = "Poppins-SemiBold.ttf"; sourceTree = "<group>"; };
		579DE3CC2AF5AA8C0036078E /* Dynamic.swift */ = {isa = PBXFileReference; lastKnownFileType = sourcecode.swift; path = Dynamic.swift; sourceTree = "<group>"; };
		579DE3CE2AF5AAB50036078E /* UIFont + Extension.swift */ = {isa = PBXFileReference; lastKnownFileType = sourcecode.swift; path = "UIFont + Extension.swift"; sourceTree = "<group>"; };
		579DE3D02AF5ACE00036078E /* UIColor + Extension.swift */ = {isa = PBXFileReference; lastKnownFileType = sourcecode.swift; path = "UIColor + Extension.swift"; sourceTree = "<group>"; };
		579DE3D22AF5AD560036078E /* UIImage + Extension.swift */ = {isa = PBXFileReference; lastKnownFileType = sourcecode.swift; path = "UIImage + Extension.swift"; sourceTree = "<group>"; };
		57A9605D2AF7B51C00FCD537 /* ResultViewController.swift */ = {isa = PBXFileReference; lastKnownFileType = sourcecode.swift; path = ResultViewController.swift; sourceTree = "<group>"; };
		57A960602AF7E62500FCD537 /* ResultForecastCollectionViewCell.swift */ = {isa = PBXFileReference; lastKnownFileType = sourcecode.swift; path = ResultForecastCollectionViewCell.swift; sourceTree = "<group>"; };
		57A960622AF81B2C00FCD537 /* ResultViewModel.swift */ = {isa = PBXFileReference; lastKnownFileType = sourcecode.swift; path = ResultViewModel.swift; sourceTree = "<group>"; };
		57A960832AF8227100FCD537 /* NetworkError.swift */ = {isa = PBXFileReference; lastKnownFileType = sourcecode.swift; path = NetworkError.swift; sourceTree = "<group>"; };
		57A960852AF8228C00FCD537 /* ParameterEncoder.swift */ = {isa = PBXFileReference; lastKnownFileType = sourcecode.swift; path = ParameterEncoder.swift; sourceTree = "<group>"; };
		57A960872AF822B600FCD537 /* URLParameterEncoder.swift */ = {isa = PBXFileReference; lastKnownFileType = sourcecode.swift; path = URLParameterEncoder.swift; sourceTree = "<group>"; };
		57A960892AF822D100FCD537 /* JSONParameterEncoder.swift */ = {isa = PBXFileReference; lastKnownFileType = sourcecode.swift; path = JSONParameterEncoder.swift; sourceTree = "<group>"; };
		57A9608B2AF822FB00FCD537 /* EndPointType.swift */ = {isa = PBXFileReference; lastKnownFileType = sourcecode.swift; path = EndPointType.swift; sourceTree = "<group>"; };
		57A9608D2AF8231400FCD537 /* HTTPMethod.swift */ = {isa = PBXFileReference; lastKnownFileType = sourcecode.swift; path = HTTPMethod.swift; sourceTree = "<group>"; };
		57A9608F2AF8232900FCD537 /* HTTPTask.swift */ = {isa = PBXFileReference; lastKnownFileType = sourcecode.swift; path = HTTPTask.swift; sourceTree = "<group>"; };
		57A960912AF8234500FCD537 /* NetworkRouter.swift */ = {isa = PBXFileReference; lastKnownFileType = sourcecode.swift; path = NetworkRouter.swift; sourceTree = "<group>"; };
		57A960932AF8235C00FCD537 /* Router.swift */ = {isa = PBXFileReference; lastKnownFileType = sourcecode.swift; path = Router.swift; sourceTree = "<group>"; };
		57A960952AF8239B00FCD537 /* WeatherNetworkManager.swift */ = {isa = PBXFileReference; lastKnownFileType = sourcecode.swift; path = WeatherNetworkManager.swift; sourceTree = "<group>"; };
		57A960972AF823D900FCD537 /* WeatherAPI.swift */ = {isa = PBXFileReference; lastKnownFileType = sourcecode.swift; path = WeatherAPI.swift; sourceTree = "<group>"; };
		57A9609C2AF8243A00FCD537 /* URLRequest+Extension.swift */ = {isa = PBXFileReference; lastKnownFileType = sourcecode.swift; path = "URLRequest+Extension.swift"; sourceTree = "<group>"; };
		57A9609E2AF8544C00FCD537 /* CurrentWeatherModel.swift */ = {isa = PBXFileReference; lastKnownFileType = sourcecode.swift; path = CurrentWeatherModel.swift; sourceTree = "<group>"; };
		57AF227F2B08201200164700 /* ImagesNetworkManager.swift */ = {isa = PBXFileReference; lastKnownFileType = sourcecode.swift; path = ImagesNetworkManager.swift; sourceTree = "<group>"; };
		57AF22812B08207F00164700 /* ImagesAPI.swift */ = {isa = PBXFileReference; lastKnownFileType = sourcecode.swift; path = ImagesAPI.swift; sourceTree = "<group>"; };
/* End PBXFileReference section */

/* Begin PBXFrameworksBuildPhase section */
		5739C79D2AF58CD600B0834B /* Frameworks */ = {
			isa = PBXFrameworksBuildPhase;
			buildActionMask = 2147483647;
			files = (
				5795EA462AF991FB00B6EA3B /* Kingfisher in Frameworks */,
				579DE3D62AF5AEAC0036078E /* SnapKit in Frameworks */,
			);
			runOnlyForDeploymentPostprocessing = 0;
		};
/* End PBXFrameworksBuildPhase section */

/* Begin PBXGroup section */
		5739C7972AF58CD600B0834B = {
			isa = PBXGroup;
			children = (
				5739C7A22AF58CD600B0834B /* AstoneTraineeWeheterApp */,
				5739C7A12AF58CD600B0834B /* Products */,
			);
			sourceTree = "<group>";
		};
		5739C7A12AF58CD600B0834B /* Products */ = {
			isa = PBXGroup;
			children = (
				5739C7A02AF58CD600B0834B /* AstoneTraineeWeheterApp.app */,
			);
			name = Products;
			sourceTree = "<group>";
		};
		5739C7A22AF58CD600B0834B /* AstoneTraineeWeheterApp */ = {
			isa = PBXGroup;
			children = (
				5739C7B72AF58EE800B0834B /* Models */,
				5739C7B82AF58EEF00B0834B /* Views */,
				5739C7B92AF58EF600B0834B /* ViewModels */,
				579BB5E32AF663E400EAD20E /* Coordinators */,
				57A9607C2AF821EA00FCD537 /* Sevices */,
				5739C7BA2AF58F0100B0834B /* Application */,
				5739C7BB2AF58F1100B0834B /* Extensions */,
				5739C7BC2AF58F2400B0834B /* Supporting_Files */,
			);
			path = AstoneTraineeWeheterApp;
			sourceTree = "<group>";
		};
		5739C7B72AF58EE800B0834B /* Models */ = {
			isa = PBXGroup;
			children = (
				579619A42AFA657E00971B9C /* ResultVCModels */,
				579619A32AFA656F00971B9C /* Decoding Models */,
			);
			path = Models;
			sourceTree = "<group>";
		};
		5739C7B82AF58EEF00B0834B /* Views */ = {
			isa = PBXGroup;
			children = (
				5739C7BD2AF5907400B0834B /* Base */,
				5739C7AE2AF58CDA00B0834B /* LaunchScreen.storyboard */,
				5739C7A72AF58CD600B0834B /* LaunchViewController.swift */,
				579BB5E92AF6AB8B00EAD20E /* MainVC */,
				57A9605C2AF7B4E100FCD537 /* ResultVC */,
			);
			path = Views;
			sourceTree = "<group>";
		};
		5739C7B92AF58EF600B0834B /* ViewModels */ = {
			isa = PBXGroup;
			children = (
				579DE3CB2AF5AA740036078E /* Bindings */,
				579BB5F52AF7085700EAD20E /* MainViewModel.swift */,
				57A960622AF81B2C00FCD537 /* ResultViewModel.swift */,
			);
			path = ViewModels;
			sourceTree = "<group>";
		};
		5739C7BA2AF58F0100B0834B /* Application */ = {
			isa = PBXGroup;
			children = (
				5739C7A32AF58CD600B0834B /* AppDelegate.swift */,
			);
			path = Application;
			sourceTree = "<group>";
		};
		5739C7BB2AF58F1100B0834B /* Extensions */ = {
			isa = PBXGroup;
			children = (
				57A9609B2AF8241C00FCD537 /* Foundation */,
				57A9609A2AF8241100FCD537 /* UIKit */,
			);
			path = Extensions;
			sourceTree = "<group>";
		};
		5739C7BC2AF58F2400B0834B /* Supporting_Files */ = {
			isa = PBXGroup;
			children = (
				579DE3C22AF5A9670036078E /* Fonts */,
				5739C7B12AF58CDA00B0834B /* Info.plist */,
				5739C7AC2AF58CDA00B0834B /* Assets.xcassets */,
				5795EA402AF921A400B6EA3B /* APIKeysList.plist */,
			);
			path = Supporting_Files;
			sourceTree = "<group>";
		};
		5739C7BD2AF5907400B0834B /* Base */ = {
			isa = PBXGroup;
			children = (
				5739C7BE2AF5908500B0834B /* BaseViewController.swift */,
				579619A92AFA95F800971B9C /* BaseAlertView.swift */,
			);
			path = Base;
			sourceTree = "<group>";
		};
		579619A32AFA656F00971B9C /* Decoding Models */ = {
			isa = PBXGroup;
			children = (
				57A9609E2AF8544C00FCD537 /* CurrentWeatherModel.swift */,
				5795EA3E2AF9188400B6EA3B /* FiveDaysForecastModel.swift */,
			);
			path = "Decoding Models";
			sourceTree = "<group>";
		};
		579619A42AFA657E00971B9C /* ResultVCModels */ = {
			isa = PBXGroup;
			children = (
				579619A52AFA65CA00971B9C /* ResultCurrentLocationModel.swift */,
				579619A72AFA8C3500971B9C /* ResultVCWeatherFullInformationModel.swift */,
			);
			path = ResultVCModels;
			sourceTree = "<group>";
		};
		579BB5E32AF663E400EAD20E /* Coordinators */ = {
			isa = PBXGroup;
			children = (
				579BB5E42AF663F600EAD20E /* Protocols */,
				579BB5E72AF6642B00EAD20E /* AppCoordinator.swift */,
			);
			path = Coordinators;
			sourceTree = "<group>";
		};
		579BB5E42AF663F600EAD20E /* Protocols */ = {
			isa = PBXGroup;
			children = (
				579BB5E52AF6640B00EAD20E /* Coordinator.swift */,
			);
			path = Protocols;
			sourceTree = "<group>";
		};
		579BB5E92AF6AB8B00EAD20E /* MainVC */ = {
			isa = PBXGroup;
			children = (
				579BB5F02AF6E0F900EAD20E /* Cells */,
				579BB5EA2AF6ABBE00EAD20E /* MainViewController.swift */,
			);
			path = MainVC;
			sourceTree = "<group>";
		};
		579BB5F02AF6E0F900EAD20E /* Cells */ = {
			isa = PBXGroup;
			children = (
				579BB5F12AF6E13D00EAD20E /* SearchResultCollectionViewCell.swift */,
				579BB5F32AF703D800EAD20E /* SearchCellViewModel.swift */,
			);
			path = Cells;
			sourceTree = "<group>";
		};
		579DE3C22AF5A9670036078E /* Fonts */ = {
			isa = PBXGroup;
			children = (
				579DE3C92AF5A9AE0036078E /* Poppins-SemiBold.ttf */,
				579DE3C72AF5A99B0036078E /* Poppins-Regular.ttf */,
				579DE3C32AF5A97B0036078E /* Poppins-Bold.ttf */,
				579DE3C52AF5A98C0036078E /* Poppins-Medium.ttf */,
			);
			path = Fonts;
			sourceTree = "<group>";
		};
		579DE3CB2AF5AA740036078E /* Bindings */ = {
			isa = PBXGroup;
			children = (
				579DE3CC2AF5AA8C0036078E /* Dynamic.swift */,
			);
			path = Bindings;
			sourceTree = "<group>";
		};
		57A9605C2AF7B4E100FCD537 /* ResultVC */ = {
			isa = PBXGroup;
			children = (
				57A9605F2AF7E60A00FCD537 /* Cells */,
				57A9605D2AF7B51C00FCD537 /* ResultViewController.swift */,
			);
			path = ResultVC;
			sourceTree = "<group>";
		};
		57A9605F2AF7E60A00FCD537 /* Cells */ = {
			isa = PBXGroup;
			children = (
				57A960602AF7E62500FCD537 /* ResultForecastCollectionViewCell.swift */,
				5795EA422AF92A7500B6EA3B /* ForecastCollectionViewModel.swift */,
			);
			path = Cells;
			sourceTree = "<group>";
		};
		57A9607C2AF821EA00FCD537 /* Sevices */ = {
			isa = PBXGroup;
			children = (
				57A9607D2AF821F500FCD537 /* Networking */,
			);
			path = Sevices;
			sourceTree = "<group>";
		};
		57A9607D2AF821F500FCD537 /* Networking */ = {
			isa = PBXGroup;
			children = (
				57A960822AF8224800FCD537 /* Errors */,
				57A960812AF8223D00FCD537 /* Encoding */,
				57A960802AF8222A00FCD537 /* Service */,
				57A9607F2AF8222200FCD537 /* Managers */,
				57A9607E2AF8220600FCD537 /* EndPoints */,
			);
			path = Networking;
			sourceTree = "<group>";
		};
		57A9607E2AF8220600FCD537 /* EndPoints */ = {
			isa = PBXGroup;
			children = (
				57A960972AF823D900FCD537 /* WeatherAPI.swift */,
				57AF22812B08207F00164700 /* ImagesAPI.swift */,
			);
			path = EndPoints;
			sourceTree = "<group>";
		};
		57A9607F2AF8222200FCD537 /* Managers */ = {
			isa = PBXGroup;
			children = (
				57A960952AF8239B00FCD537 /* WeatherNetworkManager.swift */,
				57AF227F2B08201200164700 /* ImagesNetworkManager.swift */,
			);
			path = Managers;
			sourceTree = "<group>";
		};
		57A960802AF8222A00FCD537 /* Service */ = {
			isa = PBXGroup;
			children = (
				57A9608B2AF822FB00FCD537 /* EndPointType.swift */,
				57A9608D2AF8231400FCD537 /* HTTPMethod.swift */,
				57A9608F2AF8232900FCD537 /* HTTPTask.swift */,
				57A960912AF8234500FCD537 /* NetworkRouter.swift */,
				57A960932AF8235C00FCD537 /* Router.swift */,
			);
			path = Service;
			sourceTree = "<group>";
		};
		57A960812AF8223D00FCD537 /* Encoding */ = {
			isa = PBXGroup;
			children = (
				57A960852AF8228C00FCD537 /* ParameterEncoder.swift */,
				57A960872AF822B600FCD537 /* URLParameterEncoder.swift */,
				57A960892AF822D100FCD537 /* JSONParameterEncoder.swift */,
			);
			path = Encoding;
			sourceTree = "<group>";
		};
		57A960822AF8224800FCD537 /* Errors */ = {
			isa = PBXGroup;
			children = (
				57A960832AF8227100FCD537 /* NetworkError.swift */,
			);
			path = Errors;
			sourceTree = "<group>";
		};
		57A9609A2AF8241100FCD537 /* UIKit */ = {
			isa = PBXGroup;
			children = (
				579DE3CE2AF5AAB50036078E /* UIFont + Extension.swift */,
				579DE3D02AF5ACE00036078E /* UIColor + Extension.swift */,
				579DE3D22AF5AD560036078E /* UIImage + Extension.swift */,
				579BB5EE2AF6B6CA00EAD20E /* UITextField + Extension.swift */,
			);
			path = UIKit;
			sourceTree = "<group>";
		};
		57A9609B2AF8241C00FCD537 /* Foundation */ = {
			isa = PBXGroup;
			children = (
				57A9609C2AF8243A00FCD537 /* URLRequest+Extension.swift */,
			);
			path = Foundation;
			sourceTree = "<group>";
		};
/* End PBXGroup section */

/* Begin PBXNativeTarget section */
		5739C79F2AF58CD600B0834B /* AstoneTraineeWeheterApp */ = {
			isa = PBXNativeTarget;
			buildConfigurationList = 5739C7B42AF58CDA00B0834B /* Build configuration list for PBXNativeTarget "AstoneTraineeWeheterApp" */;
			buildPhases = (
				5739C79C2AF58CD600B0834B /* Sources */,
				5739C79D2AF58CD600B0834B /* Frameworks */,
				5739C79E2AF58CD600B0834B /* Resources */,
			);
			buildRules = (
			);
			dependencies = (
			);
			name = AstoneTraineeWeheterApp;
			packageProductDependencies = (
				579DE3D52AF5AEAC0036078E /* SnapKit */,
				5795EA452AF991FB00B6EA3B /* Kingfisher */,
			);
			productName = AstoneTraineeWeheterApp;
			productReference = 5739C7A02AF58CD600B0834B /* AstoneTraineeWeheterApp.app */;
			productType = "com.apple.product-type.application";
		};
/* End PBXNativeTarget section */

/* Begin PBXProject section */
		5739C7982AF58CD600B0834B /* Project object */ = {
			isa = PBXProject;
			attributes = {
				BuildIndependentTargetsInParallel = 1;
				LastSwiftUpdateCheck = 1430;
				LastUpgradeCheck = 1430;
				TargetAttributes = {
					5739C79F2AF58CD600B0834B = {
						CreatedOnToolsVersion = 14.3.1;
					};
				};
			};
			buildConfigurationList = 5739C79B2AF58CD600B0834B /* Build configuration list for PBXProject "AstoneTraineeWeheterApp" */;
			compatibilityVersion = "Xcode 14.0";
			developmentRegion = en;
			hasScannedForEncodings = 0;
			knownRegions = (
				en,
				Base,
			);
			mainGroup = 5739C7972AF58CD600B0834B;
			packageReferences = (
				579DE3D42AF5AEAC0036078E /* XCRemoteSwiftPackageReference "SnapKit" */,
				5795EA442AF991FA00B6EA3B /* XCRemoteSwiftPackageReference "Kingfisher" */,
			);
			productRefGroup = 5739C7A12AF58CD600B0834B /* Products */;
			projectDirPath = "";
			projectRoot = "";
			targets = (
				5739C79F2AF58CD600B0834B /* AstoneTraineeWeheterApp */,
			);
		};
/* End PBXProject section */

/* Begin PBXResourcesBuildPhase section */
		5739C79E2AF58CD600B0834B /* Resources */ = {
			isa = PBXResourcesBuildPhase;
			buildActionMask = 2147483647;
			files = (
				5739C7B02AF58CDA00B0834B /* LaunchScreen.storyboard in Resources */,
				5795EA412AF921A500B6EA3B /* APIKeysList.plist in Resources */,
				579DE3C62AF5A98D0036078E /* Poppins-Medium.ttf in Resources */,
				579DE3C42AF5A97B0036078E /* Poppins-Bold.ttf in Resources */,
				579DE3CA2AF5A9AE0036078E /* Poppins-SemiBold.ttf in Resources */,
				5739C7AD2AF58CDA00B0834B /* Assets.xcassets in Resources */,
				579DE3C82AF5A99B0036078E /* Poppins-Regular.ttf in Resources */,
			);
			runOnlyForDeploymentPostprocessing = 0;
		};
/* End PBXResourcesBuildPhase section */

/* Begin PBXSourcesBuildPhase section */
		5739C79C2AF58CD600B0834B /* Sources */ = {
			isa = PBXSourcesBuildPhase;
			buildActionMask = 2147483647;
			files = (
				57A960632AF81B2C00FCD537 /* ResultViewModel.swift in Sources */,
				57A960862AF8228C00FCD537 /* ParameterEncoder.swift in Sources */,
				579619A82AFA8C3500971B9C /* ResultVCWeatherFullInformationModel.swift in Sources */,
				579DE3D12AF5ACE00036078E /* UIColor + Extension.swift in Sources */,
				57A960942AF8235C00FCD537 /* Router.swift in Sources */,
				57A9608A2AF822D100FCD537 /* JSONParameterEncoder.swift in Sources */,
				579DE3CF2AF5AAB50036078E /* UIFont + Extension.swift in Sources */,
				579BB5E82AF6642B00EAD20E /* AppCoordinator.swift in Sources */,
				579DE3CD2AF5AA8C0036078E /* Dynamic.swift in Sources */,
				579BB5F62AF7085700EAD20E /* MainViewModel.swift in Sources */,
				5739C7A82AF58CD600B0834B /* LaunchViewController.swift in Sources */,
				57A960612AF7E62500FCD537 /* ResultForecastCollectionViewCell.swift in Sources */,
				579BB5F42AF703D800EAD20E /* SearchCellViewModel.swift in Sources */,
				57A960882AF822B600FCD537 /* URLParameterEncoder.swift in Sources */,
				5739C7BF2AF5908500B0834B /* BaseViewController.swift in Sources */,
				579DE3D32AF5AD560036078E /* UIImage + Extension.swift in Sources */,
				57AF22802B08201200164700 /* ImagesNetworkManager.swift in Sources */,
				579BB5F22AF6E13D00EAD20E /* SearchResultCollectionViewCell.swift in Sources */,
				57A960902AF8232900FCD537 /* HTTPTask.swift in Sources */,
				5739C7A42AF58CD600B0834B /* AppDelegate.swift in Sources */,
				579BB5E62AF6640B00EAD20E /* Coordinator.swift in Sources */,
				579BB5EB2AF6ABBE00EAD20E /* MainViewController.swift in Sources */,
				57A9605E2AF7B51C00FCD537 /* ResultViewController.swift in Sources */,
				57A960922AF8234500FCD537 /* NetworkRouter.swift in Sources */,
				579619AA2AFA95F800971B9C /* BaseAlertView.swift in Sources */,
				57A9608E2AF8231400FCD537 /* HTTPMethod.swift in Sources */,
				57AF22822B08207F00164700 /* ImagesAPI.swift in Sources */,
				57A960962AF8239B00FCD537 /* WeatherNetworkManager.swift in Sources */,
				5795EA432AF92A7500B6EA3B /* ForecastCollectionViewModel.swift in Sources */,
				5795EA3F2AF9188400B6EA3B /* FiveDaysForecastModel.swift in Sources */,
				57A9609D2AF8243A00FCD537 /* URLRequest+Extension.swift in Sources */,
				57A960982AF823D900FCD537 /* WeatherAPI.swift in Sources */,
				579BB5EF2AF6B6CA00EAD20E /* UITextField + Extension.swift in Sources */,
				57A9609F2AF8544C00FCD537 /* CurrentWeatherModel.swift in Sources */,
				57A9608C2AF822FB00FCD537 /* EndPointType.swift in Sources */,
				579619A62AFA65CA00971B9C /* ResultCurrentLocationModel.swift in Sources */,
				57A960842AF8227100FCD537 /* NetworkError.swift in Sources */,
			);
			runOnlyForDeploymentPostprocessing = 0;
		};
/* End PBXSourcesBuildPhase section */

/* Begin PBXVariantGroup section */
		5739C7AE2AF58CDA00B0834B /* LaunchScreen.storyboard */ = {
			isa = PBXVariantGroup;
			children = (
				5739C7AF2AF58CDA00B0834B /* Base */,
			);
			name = LaunchScreen.storyboard;
			sourceTree = "<group>";
		};
/* End PBXVariantGroup section */

/* Begin XCBuildConfiguration section */
		5739C7B22AF58CDA00B0834B /* Debug */ = {
			isa = XCBuildConfiguration;
			buildSettings = {
				ALWAYS_SEARCH_USER_PATHS = NO;
				CLANG_ANALYZER_NONNULL = YES;
				CLANG_ANALYZER_NUMBER_OBJECT_CONVERSION = YES_AGGRESSIVE;
				CLANG_CXX_LANGUAGE_STANDARD = "gnu++20";
				CLANG_ENABLE_MODULES = YES;
				CLANG_ENABLE_OBJC_ARC = YES;
				CLANG_ENABLE_OBJC_WEAK = YES;
				CLANG_WARN_BLOCK_CAPTURE_AUTORELEASING = YES;
				CLANG_WARN_BOOL_CONVERSION = YES;
				CLANG_WARN_COMMA = YES;
				CLANG_WARN_CONSTANT_CONVERSION = YES;
				CLANG_WARN_DEPRECATED_OBJC_IMPLEMENTATIONS = YES;
				CLANG_WARN_DIRECT_OBJC_ISA_USAGE = YES_ERROR;
				CLANG_WARN_DOCUMENTATION_COMMENTS = YES;
				CLANG_WARN_EMPTY_BODY = YES;
				CLANG_WARN_ENUM_CONVERSION = YES;
				CLANG_WARN_INFINITE_RECURSION = YES;
				CLANG_WARN_INT_CONVERSION = YES;
				CLANG_WARN_NON_LITERAL_NULL_CONVERSION = YES;
				CLANG_WARN_OBJC_IMPLICIT_RETAIN_SELF = YES;
				CLANG_WARN_OBJC_LITERAL_CONVERSION = YES;
				CLANG_WARN_OBJC_ROOT_CLASS = YES_ERROR;
				CLANG_WARN_QUOTED_INCLUDE_IN_FRAMEWORK_HEADER = YES;
				CLANG_WARN_RANGE_LOOP_ANALYSIS = YES;
				CLANG_WARN_STRICT_PROTOTYPES = YES;
				CLANG_WARN_SUSPICIOUS_MOVE = YES;
				CLANG_WARN_UNGUARDED_AVAILABILITY = YES_AGGRESSIVE;
				CLANG_WARN_UNREACHABLE_CODE = YES;
				CLANG_WARN__DUPLICATE_METHOD_MATCH = YES;
				COPY_PHASE_STRIP = NO;
				DEBUG_INFORMATION_FORMAT = dwarf;
				ENABLE_STRICT_OBJC_MSGSEND = YES;
				ENABLE_TESTABILITY = YES;
				GCC_C_LANGUAGE_STANDARD = gnu11;
				GCC_DYNAMIC_NO_PIC = NO;
				GCC_NO_COMMON_BLOCKS = YES;
				GCC_OPTIMIZATION_LEVEL = 0;
				GCC_PREPROCESSOR_DEFINITIONS = (
					"DEBUG=1",
					"$(inherited)",
				);
				GCC_WARN_64_TO_32_BIT_CONVERSION = YES;
				GCC_WARN_ABOUT_RETURN_TYPE = YES_ERROR;
				GCC_WARN_UNDECLARED_SELECTOR = YES;
				GCC_WARN_UNINITIALIZED_AUTOS = YES_AGGRESSIVE;
				GCC_WARN_UNUSED_FUNCTION = YES;
				GCC_WARN_UNUSED_VARIABLE = YES;
				IPHONEOS_DEPLOYMENT_TARGET = 16.4;
				MTL_ENABLE_DEBUG_INFO = INCLUDE_SOURCE;
				MTL_FAST_MATH = YES;
				ONLY_ACTIVE_ARCH = YES;
				SDKROOT = iphoneos;
				SWIFT_ACTIVE_COMPILATION_CONDITIONS = DEBUG;
				SWIFT_OPTIMIZATION_LEVEL = "-Onone";
			};
			name = Debug;
		};
		5739C7B32AF58CDA00B0834B /* Release */ = {
			isa = XCBuildConfiguration;
			buildSettings = {
				ALWAYS_SEARCH_USER_PATHS = NO;
				CLANG_ANALYZER_NONNULL = YES;
				CLANG_ANALYZER_NUMBER_OBJECT_CONVERSION = YES_AGGRESSIVE;
				CLANG_CXX_LANGUAGE_STANDARD = "gnu++20";
				CLANG_ENABLE_MODULES = YES;
				CLANG_ENABLE_OBJC_ARC = YES;
				CLANG_ENABLE_OBJC_WEAK = YES;
				CLANG_WARN_BLOCK_CAPTURE_AUTORELEASING = YES;
				CLANG_WARN_BOOL_CONVERSION = YES;
				CLANG_WARN_COMMA = YES;
				CLANG_WARN_CONSTANT_CONVERSION = YES;
				CLANG_WARN_DEPRECATED_OBJC_IMPLEMENTATIONS = YES;
				CLANG_WARN_DIRECT_OBJC_ISA_USAGE = YES_ERROR;
				CLANG_WARN_DOCUMENTATION_COMMENTS = YES;
				CLANG_WARN_EMPTY_BODY = YES;
				CLANG_WARN_ENUM_CONVERSION = YES;
				CLANG_WARN_INFINITE_RECURSION = YES;
				CLANG_WARN_INT_CONVERSION = YES;
				CLANG_WARN_NON_LITERAL_NULL_CONVERSION = YES;
				CLANG_WARN_OBJC_IMPLICIT_RETAIN_SELF = YES;
				CLANG_WARN_OBJC_LITERAL_CONVERSION = YES;
				CLANG_WARN_OBJC_ROOT_CLASS = YES_ERROR;
				CLANG_WARN_QUOTED_INCLUDE_IN_FRAMEWORK_HEADER = YES;
				CLANG_WARN_RANGE_LOOP_ANALYSIS = YES;
				CLANG_WARN_STRICT_PROTOTYPES = YES;
				CLANG_WARN_SUSPICIOUS_MOVE = YES;
				CLANG_WARN_UNGUARDED_AVAILABILITY = YES_AGGRESSIVE;
				CLANG_WARN_UNREACHABLE_CODE = YES;
				CLANG_WARN__DUPLICATE_METHOD_MATCH = YES;
				COPY_PHASE_STRIP = NO;
				DEBUG_INFORMATION_FORMAT = "dwarf-with-dsym";
				ENABLE_NS_ASSERTIONS = NO;
				ENABLE_STRICT_OBJC_MSGSEND = YES;
				GCC_C_LANGUAGE_STANDARD = gnu11;
				GCC_NO_COMMON_BLOCKS = YES;
				GCC_WARN_64_TO_32_BIT_CONVERSION = YES;
				GCC_WARN_ABOUT_RETURN_TYPE = YES_ERROR;
				GCC_WARN_UNDECLARED_SELECTOR = YES;
				GCC_WARN_UNINITIALIZED_AUTOS = YES_AGGRESSIVE;
				GCC_WARN_UNUSED_FUNCTION = YES;
				GCC_WARN_UNUSED_VARIABLE = YES;
				IPHONEOS_DEPLOYMENT_TARGET = 16.4;
				MTL_ENABLE_DEBUG_INFO = NO;
				MTL_FAST_MATH = YES;
				SDKROOT = iphoneos;
				SWIFT_COMPILATION_MODE = wholemodule;
				SWIFT_OPTIMIZATION_LEVEL = "-O";
				VALIDATE_PRODUCT = YES;
			};
			name = Release;
		};
		5739C7B52AF58CDA00B0834B /* Debug */ = {
			isa = XCBuildConfiguration;
			buildSettings = {
				ASSETCATALOG_COMPILER_APPICON_NAME = AppIcon;
				ASSETCATALOG_COMPILER_GLOBAL_ACCENT_COLOR_NAME = AccentColor;
				CODE_SIGN_STYLE = Automatic;
				CURRENT_PROJECT_VERSION = 1;
				DEVELOPMENT_TEAM = 8RR26756PN;
				GENERATE_INFOPLIST_FILE = YES;
				INFOPLIST_FILE = AstoneTraineeWeheterApp/Supporting_Files/Info.plist;
				INFOPLIST_KEY_CFBundleDisplayName = WeahterSample;
				INFOPLIST_KEY_LSApplicationCategoryType = "public.app-category.weather";
				INFOPLIST_KEY_UIApplicationSupportsIndirectInputEvents = YES;
				INFOPLIST_KEY_UILaunchStoryboardName = LaunchScreen.storyboard;
				INFOPLIST_KEY_UISupportedInterfaceOrientations = UIInterfaceOrientationPortrait;
				IPHONEOS_DEPLOYMENT_TARGET = 14.0;
				LD_RUNPATH_SEARCH_PATHS = (
					"$(inherited)",
					"@executable_path/Frameworks",
				);
				MARKETING_VERSION = 1.0;
				PRODUCT_BUNDLE_IDENTIFIER = co.IvanBiriukov.AstoneTraineeWeheterApp;
				PRODUCT_NAME = "$(TARGET_NAME)";
				SUPPORTED_PLATFORMS = "iphoneos iphonesimulator";
				SUPPORTS_MACCATALYST = NO;
				SUPPORTS_MAC_DESIGNED_FOR_IPHONE_IPAD = NO;
				SWIFT_EMIT_LOC_STRINGS = YES;
				SWIFT_VERSION = 5.0;
				TARGETED_DEVICE_FAMILY = 1;
			};
			name = Debug;
		};
		5739C7B62AF58CDA00B0834B /* Release */ = {
			isa = XCBuildConfiguration;
			buildSettings = {
				ASSETCATALOG_COMPILER_APPICON_NAME = AppIcon;
				ASSETCATALOG_COMPILER_GLOBAL_ACCENT_COLOR_NAME = AccentColor;
				CODE_SIGN_STYLE = Automatic;
				CURRENT_PROJECT_VERSION = 1;
				DEVELOPMENT_TEAM = 8RR26756PN;
				GENERATE_INFOPLIST_FILE = YES;
				INFOPLIST_FILE = AstoneTraineeWeheterApp/Supporting_Files/Info.plist;
				INFOPLIST_KEY_CFBundleDisplayName = WeahterSample;
				INFOPLIST_KEY_LSApplicationCategoryType = "public.app-category.weather";
				INFOPLIST_KEY_UIApplicationSupportsIndirectInputEvents = YES;
				INFOPLIST_KEY_UILaunchStoryboardName = LaunchScreen.storyboard;
				INFOPLIST_KEY_UISupportedInterfaceOrientations = UIInterfaceOrientationPortrait;
				IPHONEOS_DEPLOYMENT_TARGET = 14.0;
				LD_RUNPATH_SEARCH_PATHS = (
					"$(inherited)",
					"@executable_path/Frameworks",
				);
				MARKETING_VERSION = 1.0;
				PRODUCT_BUNDLE_IDENTIFIER = co.IvanBiriukov.AstoneTraineeWeheterApp;
				PRODUCT_NAME = "$(TARGET_NAME)";
				SUPPORTED_PLATFORMS = "iphoneos iphonesimulator";
				SUPPORTS_MACCATALYST = NO;
				SUPPORTS_MAC_DESIGNED_FOR_IPHONE_IPAD = NO;
				SWIFT_EMIT_LOC_STRINGS = YES;
				SWIFT_VERSION = 5.0;
				TARGETED_DEVICE_FAMILY = 1;
			};
			name = Release;
		};
/* End XCBuildConfiguration section */

/* Begin XCConfigurationList section */
		5739C79B2AF58CD600B0834B /* Build configuration list for PBXProject "AstoneTraineeWeheterApp" */ = {
			isa = XCConfigurationList;
			buildConfigurations = (
				5739C7B22AF58CDA00B0834B /* Debug */,
				5739C7B32AF58CDA00B0834B /* Release */,
			);
			defaultConfigurationIsVisible = 0;
			defaultConfigurationName = Release;
		};
		5739C7B42AF58CDA00B0834B /* Build configuration list for PBXNativeTarget "AstoneTraineeWeheterApp" */ = {
			isa = XCConfigurationList;
			buildConfigurations = (
				5739C7B52AF58CDA00B0834B /* Debug */,
				5739C7B62AF58CDA00B0834B /* Release */,
			);
			defaultConfigurationIsVisible = 0;
			defaultConfigurationName = Release;
		};
/* End XCConfigurationList section */

/* Begin XCRemoteSwiftPackageReference section */
		5795EA442AF991FA00B6EA3B /* XCRemoteSwiftPackageReference "Kingfisher" */ = {
			isa = XCRemoteSwiftPackageReference;
			repositoryURL = "https://github.com/onevcat/Kingfisher.git";
			requirement = {
				kind = upToNextMajorVersion;
				minimumVersion = 7.0.0;
			};
		};
		579DE3D42AF5AEAC0036078E /* XCRemoteSwiftPackageReference "SnapKit" */ = {
			isa = XCRemoteSwiftPackageReference;
			repositoryURL = "https://github.com/SnapKit/SnapKit";
			requirement = {
				kind = upToNextMajorVersion;
				minimumVersion = 5.0.0;
			};
		};
/* End XCRemoteSwiftPackageReference section */

/* Begin XCSwiftPackageProductDependency section */
		5795EA452AF991FB00B6EA3B /* Kingfisher */ = {
			isa = XCSwiftPackageProductDependency;
			package = 5795EA442AF991FA00B6EA3B /* XCRemoteSwiftPackageReference "Kingfisher" */;
			productName = Kingfisher;
		};
		579DE3D52AF5AEAC0036078E /* SnapKit */ = {
			isa = XCSwiftPackageProductDependency;
			package = 579DE3D42AF5AEAC0036078E /* XCRemoteSwiftPackageReference "SnapKit" */;
			productName = SnapKit;
		};
/* End XCSwiftPackageProductDependency section */
	};
	rootObject = 5739C7982AF58CD600B0834B /* Project object */;
}
